// !$*UTF8*$!
{
	archiveVersion = 1;
	classes = {
	};
	objectVersion = 50;
	objects = {

/* Begin PBXBuildFile section */
		294C86F6F5433CC52F3BAB07 /* libPods-RecipesDB.a in Frameworks */ = {isa = PBXBuildFile; fileRef = BDCAEDBC128118063A3384B2 /* libPods-RecipesDB.a */; };
		5AFC1B4A2477FC8200670151 /* AppDelegate.swift in Sources */ = {isa = PBXBuildFile; fileRef = 5AFC1B492477FC8200670151 /* AppDelegate.swift */; };
		5AFC1B4C2477FC8200670151 /* SceneDelegate.swift in Sources */ = {isa = PBXBuildFile; fileRef = 5AFC1B4B2477FC8200670151 /* SceneDelegate.swift */; };
		5AFC1B4E2477FC8200670151 /* ViewController.swift in Sources */ = {isa = PBXBuildFile; fileRef = 5AFC1B4D2477FC8200670151 /* ViewController.swift */; };
		5AFC1B512477FC8200670151 /* Main.storyboard in Resources */ = {isa = PBXBuildFile; fileRef = 5AFC1B4F2477FC8200670151 /* Main.storyboard */; };
		5AFC1B532477FC8600670151 /* Assets.xcassets in Resources */ = {isa = PBXBuildFile; fileRef = 5AFC1B522477FC8600670151 /* Assets.xcassets */; };
		5AFC1B562477FC8600670151 /* LaunchScreen.storyboard in Resources */ = {isa = PBXBuildFile; fileRef = 5AFC1B542477FC8600670151 /* LaunchScreen.storyboard */; };
		5AFC1B612477FC8600670151 /* RecipesDBTests.swift in Sources */ = {isa = PBXBuildFile; fileRef = 5AFC1B602477FC8600670151 /* RecipesDBTests.swift */; };
		5AFC1B6C2477FC8600670151 /* RecipesDBUITests.swift in Sources */ = {isa = PBXBuildFile; fileRef = 5AFC1B6B2477FC8600670151 /* RecipesDBUITests.swift */; };
		5AFC1B7D247810C700670151 /* MealsSearchResults.swift in Sources */ = {isa = PBXBuildFile; fileRef = 5AFC1B7C247810C700670151 /* MealsSearchResults.swift */; };
		5AFC1B7F247810E700670151 /* Meal.swift in Sources */ = {isa = PBXBuildFile; fileRef = 5AFC1B7E247810E700670151 /* Meal.swift */; };
		5AFC1B81247810FD00670151 /* DetailedMeal.swift in Sources */ = {isa = PBXBuildFile; fileRef = 5AFC1B80247810FD00670151 /* DetailedMeal.swift */; };
		5AFC1B832478187F00670151 /* DetailedMealResult.swift in Sources */ = {isa = PBXBuildFile; fileRef = 5AFC1B822478187F00670151 /* DetailedMealResult.swift */; };
		9A0B27B6CA56E7CB6E778996 /* libPods-RecipesDBTests.a in Frameworks */ = {isa = PBXBuildFile; fileRef = D93F420667DE4BEEFE358A07 /* libPods-RecipesDBTests.a */; };
		A040151CC2ACAFC11E2AC2B1 /* libPods-RecipesDB-RecipesDBUITests.a in Frameworks */ = {isa = PBXBuildFile; fileRef = 7A5C027A9BE14F50FC871F28 /* libPods-RecipesDB-RecipesDBUITests.a */; };
/* End PBXBuildFile section */

/* Begin PBXContainerItemProxy section */
		5AFC1B5D2477FC8600670151 /* PBXContainerItemProxy */ = {
			isa = PBXContainerItemProxy;
			containerPortal = 5AFC1B3E2477FC8200670151 /* Project object */;
			proxyType = 1;
			remoteGlobalIDString = 5AFC1B452477FC8200670151;
			remoteInfo = RecipesDB;
		};
		5AFC1B682477FC8600670151 /* PBXContainerItemProxy */ = {
			isa = PBXContainerItemProxy;
			containerPortal = 5AFC1B3E2477FC8200670151 /* Project object */;
			proxyType = 1;
			remoteGlobalIDString = 5AFC1B452477FC8200670151;
			remoteInfo = RecipesDB;
		};
/* End PBXContainerItemProxy section */

/* Begin PBXFileReference section */
		0D406F7D4F74CD7DCA78E235 /* Pods-RecipesDB.debug.xcconfig */ = {isa = PBXFileReference; includeInIndex = 1; lastKnownFileType = text.xcconfig; name = "Pods-RecipesDB.debug.xcconfig"; path = "Target Support Files/Pods-RecipesDB/Pods-RecipesDB.debug.xcconfig"; sourceTree = "<group>"; };
		1EAA6DAFD28BE0A50321B21E /* Pods-RecipesDBTests.release.xcconfig */ = {isa = PBXFileReference; includeInIndex = 1; lastKnownFileType = text.xcconfig; name = "Pods-RecipesDBTests.release.xcconfig"; path = "Target Support Files/Pods-RecipesDBTests/Pods-RecipesDBTests.release.xcconfig"; sourceTree = "<group>"; };
		29B1B6720DDD275BBEA12045 /* Pods-RecipesDB-RecipesDBUITests.release.xcconfig */ = {isa = PBXFileReference; includeInIndex = 1; lastKnownFileType = text.xcconfig; name = "Pods-RecipesDB-RecipesDBUITests.release.xcconfig"; path = "Target Support Files/Pods-RecipesDB-RecipesDBUITests/Pods-RecipesDB-RecipesDBUITests.release.xcconfig"; sourceTree = "<group>"; };
		5AFC1B462477FC8200670151 /* RecipesDB.app */ = {isa = PBXFileReference; explicitFileType = wrapper.application; includeInIndex = 0; path = RecipesDB.app; sourceTree = BUILT_PRODUCTS_DIR; };
		5AFC1B492477FC8200670151 /* AppDelegate.swift */ = {isa = PBXFileReference; lastKnownFileType = sourcecode.swift; path = AppDelegate.swift; sourceTree = "<group>"; };
		5AFC1B4B2477FC8200670151 /* SceneDelegate.swift */ = {isa = PBXFileReference; lastKnownFileType = sourcecode.swift; path = SceneDelegate.swift; sourceTree = "<group>"; };
		5AFC1B4D2477FC8200670151 /* ViewController.swift */ = {isa = PBXFileReference; lastKnownFileType = sourcecode.swift; path = ViewController.swift; sourceTree = "<group>"; };
		5AFC1B502477FC8200670151 /* Base */ = {isa = PBXFileReference; lastKnownFileType = file.storyboard; name = Base; path = Base.lproj/Main.storyboard; sourceTree = "<group>"; };
		5AFC1B522477FC8600670151 /* Assets.xcassets */ = {isa = PBXFileReference; lastKnownFileType = folder.assetcatalog; path = Assets.xcassets; sourceTree = "<group>"; };
		5AFC1B552477FC8600670151 /* Base */ = {isa = PBXFileReference; lastKnownFileType = file.storyboard; name = Base; path = Base.lproj/LaunchScreen.storyboard; sourceTree = "<group>"; };
		5AFC1B572477FC8600670151 /* Info.plist */ = {isa = PBXFileReference; lastKnownFileType = text.plist.xml; path = Info.plist; sourceTree = "<group>"; };
		5AFC1B5C2477FC8600670151 /* RecipesDBTests.xctest */ = {isa = PBXFileReference; explicitFileType = wrapper.cfbundle; includeInIndex = 0; path = RecipesDBTests.xctest; sourceTree = BUILT_PRODUCTS_DIR; };
		5AFC1B602477FC8600670151 /* RecipesDBTests.swift */ = {isa = PBXFileReference; lastKnownFileType = sourcecode.swift; path = RecipesDBTests.swift; sourceTree = "<group>"; };
		5AFC1B622477FC8600670151 /* Info.plist */ = {isa = PBXFileReference; lastKnownFileType = text.plist.xml; path = Info.plist; sourceTree = "<group>"; };
		5AFC1B672477FC8600670151 /* RecipesDBUITests.xctest */ = {isa = PBXFileReference; explicitFileType = wrapper.cfbundle; includeInIndex = 0; path = RecipesDBUITests.xctest; sourceTree = BUILT_PRODUCTS_DIR; };
		5AFC1B6B2477FC8600670151 /* RecipesDBUITests.swift */ = {isa = PBXFileReference; lastKnownFileType = sourcecode.swift; path = RecipesDBUITests.swift; sourceTree = "<group>"; };
		5AFC1B6D2477FC8600670151 /* Info.plist */ = {isa = PBXFileReference; lastKnownFileType = text.plist.xml; path = Info.plist; sourceTree = "<group>"; };
		5AFC1B7C247810C700670151 /* MealsSearchResults.swift */ = {isa = PBXFileReference; lastKnownFileType = sourcecode.swift; path = MealsSearchResults.swift; sourceTree = "<group>"; };
		5AFC1B7E247810E700670151 /* Meal.swift */ = {isa = PBXFileReference; lastKnownFileType = sourcecode.swift; path = Meal.swift; sourceTree = "<group>"; };
		5AFC1B80247810FD00670151 /* DetailedMeal.swift */ = {isa = PBXFileReference; lastKnownFileType = sourcecode.swift; path = DetailedMeal.swift; sourceTree = "<group>"; };
		5AFC1B822478187F00670151 /* DetailedMealResult.swift */ = {isa = PBXFileReference; lastKnownFileType = sourcecode.swift; path = DetailedMealResult.swift; sourceTree = "<group>"; };
		657742A424D40CB71E6251A7 /* Pods-RecipesDBTests.debug.xcconfig */ = {isa = PBXFileReference; includeInIndex = 1; lastKnownFileType = text.xcconfig; name = "Pods-RecipesDBTests.debug.xcconfig"; path = "Target Support Files/Pods-RecipesDBTests/Pods-RecipesDBTests.debug.xcconfig"; sourceTree = "<group>"; };
		7A5C027A9BE14F50FC871F28 /* libPods-RecipesDB-RecipesDBUITests.a */ = {isa = PBXFileReference; explicitFileType = archive.ar; includeInIndex = 0; path = "libPods-RecipesDB-RecipesDBUITests.a"; sourceTree = BUILT_PRODUCTS_DIR; };
		B370CDE9826F9A78623708CE /* Pods-RecipesDB.release.xcconfig */ = {isa = PBXFileReference; includeInIndex = 1; lastKnownFileType = text.xcconfig; name = "Pods-RecipesDB.release.xcconfig"; path = "Target Support Files/Pods-RecipesDB/Pods-RecipesDB.release.xcconfig"; sourceTree = "<group>"; };
		B932D7E82BCA75D61DDDC650 /* Pods-RecipesDB-RecipesDBUITests.debug.xcconfig */ = {isa = PBXFileReference; includeInIndex = 1; lastKnownFileType = text.xcconfig; name = "Pods-RecipesDB-RecipesDBUITests.debug.xcconfig"; path = "Target Support Files/Pods-RecipesDB-RecipesDBUITests/Pods-RecipesDB-RecipesDBUITests.debug.xcconfig"; sourceTree = "<group>"; };
		BDCAEDBC128118063A3384B2 /* libPods-RecipesDB.a */ = {isa = PBXFileReference; explicitFileType = archive.ar; includeInIndex = 0; path = "libPods-RecipesDB.a"; sourceTree = BUILT_PRODUCTS_DIR; };
		D93F420667DE4BEEFE358A07 /* libPods-RecipesDBTests.a */ = {isa = PBXFileReference; explicitFileType = archive.ar; includeInIndex = 0; path = "libPods-RecipesDBTests.a"; sourceTree = BUILT_PRODUCTS_DIR; };
/* End PBXFileReference section */

/* Begin PBXFrameworksBuildPhase section */
		5AFC1B432477FC8200670151 /* Frameworks */ = {
			isa = PBXFrameworksBuildPhase;
			buildActionMask = 2147483647;
			files = (
				294C86F6F5433CC52F3BAB07 /* libPods-RecipesDB.a in Frameworks */,
			);
			runOnlyForDeploymentPostprocessing = 0;
		};
		5AFC1B592477FC8600670151 /* Frameworks */ = {
			isa = PBXFrameworksBuildPhase;
			buildActionMask = 2147483647;
			files = (
				9A0B27B6CA56E7CB6E778996 /* libPods-RecipesDBTests.a in Frameworks */,
			);
			runOnlyForDeploymentPostprocessing = 0;
		};
		5AFC1B642477FC8600670151 /* Frameworks */ = {
			isa = PBXFrameworksBuildPhase;
			buildActionMask = 2147483647;
			files = (
				A040151CC2ACAFC11E2AC2B1 /* libPods-RecipesDB-RecipesDBUITests.a in Frameworks */,
			);
			runOnlyForDeploymentPostprocessing = 0;
		};
/* End PBXFrameworksBuildPhase section */

/* Begin PBXGroup section */
		0EE0D3B8A48EA179F5A79494 /* Frameworks */ = {
			isa = PBXGroup;
			children = (
				BDCAEDBC128118063A3384B2 /* libPods-RecipesDB.a */,
				7A5C027A9BE14F50FC871F28 /* libPods-RecipesDB-RecipesDBUITests.a */,
				D93F420667DE4BEEFE358A07 /* libPods-RecipesDBTests.a */,
			);
			name = Frameworks;
			sourceTree = "<group>";
		};
		5AFC1B3D2477FC8200670151 = {
			isa = PBXGroup;
			children = (
				5AFC1B482477FC8200670151 /* RecipesDB */,
				5AFC1B5F2477FC8600670151 /* RecipesDBTests */,
				5AFC1B6A2477FC8600670151 /* RecipesDBUITests */,
				5AFC1B472477FC8200670151 /* Products */,
				7726377F721B68CC4C52A52F /* Pods */,
				0EE0D3B8A48EA179F5A79494 /* Frameworks */,
			);
			sourceTree = "<group>";
		};
		5AFC1B472477FC8200670151 /* Products */ = {
			isa = PBXGroup;
			children = (
				5AFC1B462477FC8200670151 /* RecipesDB.app */,
				5AFC1B5C2477FC8600670151 /* RecipesDBTests.xctest */,
				5AFC1B672477FC8600670151 /* RecipesDBUITests.xctest */,
			);
			name = Products;
			sourceTree = "<group>";
		};
		5AFC1B482477FC8200670151 /* RecipesDB */ = {
			isa = PBXGroup;
			children = (
				5AFC1B7B247810B200670151 /* Model */,
				5AFC1B492477FC8200670151 /* AppDelegate.swift */,
				5AFC1B4B2477FC8200670151 /* SceneDelegate.swift */,
				5AFC1B4D2477FC8200670151 /* ViewController.swift */,
				5AFC1B4F2477FC8200670151 /* Main.storyboard */,
				5AFC1B522477FC8600670151 /* Assets.xcassets */,
				5AFC1B542477FC8600670151 /* LaunchScreen.storyboard */,
				5AFC1B572477FC8600670151 /* Info.plist */,
			);
			path = RecipesDB;
			sourceTree = "<group>";
		};
		5AFC1B5F2477FC8600670151 /* RecipesDBTests */ = {
			isa = PBXGroup;
			children = (
				5AFC1B602477FC8600670151 /* RecipesDBTests.swift */,
				5AFC1B622477FC8600670151 /* Info.plist */,
			);
			path = RecipesDBTests;
			sourceTree = "<group>";
		};
		5AFC1B6A2477FC8600670151 /* RecipesDBUITests */ = {
			isa = PBXGroup;
			children = (
				5AFC1B6B2477FC8600670151 /* RecipesDBUITests.swift */,
				5AFC1B6D2477FC8600670151 /* Info.plist */,
			);
			path = RecipesDBUITests;
			sourceTree = "<group>";
		};
		5AFC1B7B247810B200670151 /* Model */ = {
			isa = PBXGroup;
			children = (
				5AFC1B7C247810C700670151 /* MealsSearchResults.swift */,
				5AFC1B7E247810E700670151 /* Meal.swift */,
				5AFC1B80247810FD00670151 /* DetailedMeal.swift */,
				5AFC1B822478187F00670151 /* DetailedMealResult.swift */,
			);
			path = Model;
			sourceTree = "<group>";
		};
		7726377F721B68CC4C52A52F /* Pods */ = {
			isa = PBXGroup;
			children = (
				0D406F7D4F74CD7DCA78E235 /* Pods-RecipesDB.debug.xcconfig */,
				B370CDE9826F9A78623708CE /* Pods-RecipesDB.release.xcconfig */,
				B932D7E82BCA75D61DDDC650 /* Pods-RecipesDB-RecipesDBUITests.debug.xcconfig */,
				29B1B6720DDD275BBEA12045 /* Pods-RecipesDB-RecipesDBUITests.release.xcconfig */,
				657742A424D40CB71E6251A7 /* Pods-RecipesDBTests.debug.xcconfig */,
				1EAA6DAFD28BE0A50321B21E /* Pods-RecipesDBTests.release.xcconfig */,
			);
			path = Pods;
			sourceTree = "<group>";
		};
/* End PBXGroup section */

/* Begin PBXNativeTarget section */
		5AFC1B452477FC8200670151 /* RecipesDB */ = {
			isa = PBXNativeTarget;
			buildConfigurationList = 5AFC1B702477FC8600670151 /* Build configuration list for PBXNativeTarget "RecipesDB" */;
			buildPhases = (
				69594C09E3C9739E92492607 /* [CP] Check Pods Manifest.lock */,
				5AFC1B422477FC8200670151 /* Sources */,
				5AFC1B432477FC8200670151 /* Frameworks */,
				5AFC1B442477FC8200670151 /* Resources */,
			);
			buildRules = (
			);
			dependencies = (
			);
			name = RecipesDB;
			productName = RecipesDB;
			productReference = 5AFC1B462477FC8200670151 /* RecipesDB.app */;
			productType = "com.apple.product-type.application";
		};
		5AFC1B5B2477FC8600670151 /* RecipesDBTests */ = {
			isa = PBXNativeTarget;
			buildConfigurationList = 5AFC1B732477FC8600670151 /* Build configuration list for PBXNativeTarget "RecipesDBTests" */;
			buildPhases = (
				66373978F56D5CF5F8FD5B39 /* [CP] Check Pods Manifest.lock */,
				5AFC1B582477FC8600670151 /* Sources */,
				5AFC1B592477FC8600670151 /* Frameworks */,
				5AFC1B5A2477FC8600670151 /* Resources */,
			);
			buildRules = (
			);
			dependencies = (
				5AFC1B5E2477FC8600670151 /* PBXTargetDependency */,
			);
			name = RecipesDBTests;
			productName = RecipesDBTests;
			productReference = 5AFC1B5C2477FC8600670151 /* RecipesDBTests.xctest */;
			productType = "com.apple.product-type.bundle.unit-test";
		};
		5AFC1B662477FC8600670151 /* RecipesDBUITests */ = {
			isa = PBXNativeTarget;
			buildConfigurationList = 5AFC1B762477FC8600670151 /* Build configuration list for PBXNativeTarget "RecipesDBUITests" */;
			buildPhases = (
				5434BE066334C78D766447C8 /* [CP] Check Pods Manifest.lock */,
				5AFC1B632477FC8600670151 /* Sources */,
				5AFC1B642477FC8600670151 /* Frameworks */,
				5AFC1B652477FC8600670151 /* Resources */,
			);
			buildRules = (
			);
			dependencies = (
				5AFC1B692477FC8600670151 /* PBXTargetDependency */,
			);
			name = RecipesDBUITests;
			productName = RecipesDBUITests;
			productReference = 5AFC1B672477FC8600670151 /* RecipesDBUITests.xctest */;
			productType = "com.apple.product-type.bundle.ui-testing";
		};
/* End PBXNativeTarget section */

/* Begin PBXProject section */
		5AFC1B3E2477FC8200670151 /* Project object */ = {
			isa = PBXProject;
			attributes = {
				LastSwiftUpdateCheck = 1140;
				LastUpgradeCheck = 1140;
				ORGANIZATIONNAME = "José Marques";
				TargetAttributes = {
					5AFC1B452477FC8200670151 = {
						CreatedOnToolsVersion = 11.4.1;
					};
					5AFC1B5B2477FC8600670151 = {
						CreatedOnToolsVersion = 11.4.1;
						TestTargetID = 5AFC1B452477FC8200670151;
					};
					5AFC1B662477FC8600670151 = {
						CreatedOnToolsVersion = 11.4.1;
						TestTargetID = 5AFC1B452477FC8200670151;
					};
				};
			};
			buildConfigurationList = 5AFC1B412477FC8200670151 /* Build configuration list for PBXProject "RecipesDB" */;
			compatibilityVersion = "Xcode 9.3";
			developmentRegion = en;
			hasScannedForEncodings = 0;
			knownRegions = (
				en,
				Base,
			);
			mainGroup = 5AFC1B3D2477FC8200670151;
			productRefGroup = 5AFC1B472477FC8200670151 /* Products */;
			projectDirPath = "";
			projectRoot = "";
			targets = (
				5AFC1B452477FC8200670151 /* RecipesDB */,
				5AFC1B5B2477FC8600670151 /* RecipesDBTests */,
				5AFC1B662477FC8600670151 /* RecipesDBUITests */,
			);
		};
/* End PBXProject section */

/* Begin PBXResourcesBuildPhase section */
		5AFC1B442477FC8200670151 /* Resources */ = {
			isa = PBXResourcesBuildPhase;
			buildActionMask = 2147483647;
			files = (
				5AFC1B562477FC8600670151 /* LaunchScreen.storyboard in Resources */,
				5AFC1B532477FC8600670151 /* Assets.xcassets in Resources */,
				5AFC1B512477FC8200670151 /* Main.storyboard in Resources */,
			);
			runOnlyForDeploymentPostprocessing = 0;
		};
		5AFC1B5A2477FC8600670151 /* Resources */ = {
			isa = PBXResourcesBuildPhase;
			buildActionMask = 2147483647;
			files = (
			);
			runOnlyForDeploymentPostprocessing = 0;
		};
		5AFC1B652477FC8600670151 /* Resources */ = {
			isa = PBXResourcesBuildPhase;
			buildActionMask = 2147483647;
			files = (
			);
			runOnlyForDeploymentPostprocessing = 0;
		};
/* End PBXResourcesBuildPhase section */

/* Begin PBXShellScriptBuildPhase section */
		5434BE066334C78D766447C8 /* [CP] Check Pods Manifest.lock */ = {
			isa = PBXShellScriptBuildPhase;
			buildActionMask = 2147483647;
			files = (
			);
			inputFileListPaths = (
			);
			inputPaths = (
				"${PODS_PODFILE_DIR_PATH}/Podfile.lock",
				"${PODS_ROOT}/Manifest.lock",
			);
			name = "[CP] Check Pods Manifest.lock";
			outputFileListPaths = (
			);
			outputPaths = (
				"$(DERIVED_FILE_DIR)/Pods-RecipesDB-RecipesDBUITests-checkManifestLockResult.txt",
			);
			runOnlyForDeploymentPostprocessing = 0;
			shellPath = /bin/sh;
			shellScript = "diff \"${PODS_PODFILE_DIR_PATH}/Podfile.lock\" \"${PODS_ROOT}/Manifest.lock\" > /dev/null\nif [ $? != 0 ] ; then\n    # print error to STDERR\n    echo \"error: The sandbox is not in sync with the Podfile.lock. Run 'pod install' or update your CocoaPods installation.\" >&2\n    exit 1\nfi\n# This output is used by Xcode 'outputs' to avoid re-running this script phase.\necho \"SUCCESS\" > \"${SCRIPT_OUTPUT_FILE_0}\"\n";
			showEnvVarsInLog = 0;
		};
		66373978F56D5CF5F8FD5B39 /* [CP] Check Pods Manifest.lock */ = {
			isa = PBXShellScriptBuildPhase;
			buildActionMask = 2147483647;
			files = (
			);
			inputFileListPaths = (
			);
			inputPaths = (
				"${PODS_PODFILE_DIR_PATH}/Podfile.lock",
				"${PODS_ROOT}/Manifest.lock",
			);
			name = "[CP] Check Pods Manifest.lock";
			outputFileListPaths = (
			);
			outputPaths = (
				"$(DERIVED_FILE_DIR)/Pods-RecipesDBTests-checkManifestLockResult.txt",
			);
			runOnlyForDeploymentPostprocessing = 0;
			shellPath = /bin/sh;
			shellScript = "diff \"${PODS_PODFILE_DIR_PATH}/Podfile.lock\" \"${PODS_ROOT}/Manifest.lock\" > /dev/null\nif [ $? != 0 ] ; then\n    # print error to STDERR\n    echo \"error: The sandbox is not in sync with the Podfile.lock. Run 'pod install' or update your CocoaPods installation.\" >&2\n    exit 1\nfi\n# This output is used by Xcode 'outputs' to avoid re-running this script phase.\necho \"SUCCESS\" > \"${SCRIPT_OUTPUT_FILE_0}\"\n";
			showEnvVarsInLog = 0;
		};
		69594C09E3C9739E92492607 /* [CP] Check Pods Manifest.lock */ = {
			isa = PBXShellScriptBuildPhase;
			buildActionMask = 2147483647;
			files = (
			);
			inputFileListPaths = (
			);
			inputPaths = (
				"${PODS_PODFILE_DIR_PATH}/Podfile.lock",
				"${PODS_ROOT}/Manifest.lock",
			);
			name = "[CP] Check Pods Manifest.lock";
			outputFileListPaths = (
			);
			outputPaths = (
				"$(DERIVED_FILE_DIR)/Pods-RecipesDB-checkManifestLockResult.txt",
			);
			runOnlyForDeploymentPostprocessing = 0;
			shellPath = /bin/sh;
			shellScript = "diff \"${PODS_PODFILE_DIR_PATH}/Podfile.lock\" \"${PODS_ROOT}/Manifest.lock\" > /dev/null\nif [ $? != 0 ] ; then\n    # print error to STDERR\n    echo \"error: The sandbox is not in sync with the Podfile.lock. Run 'pod install' or update your CocoaPods installation.\" >&2\n    exit 1\nfi\n# This output is used by Xcode 'outputs' to avoid re-running this script phase.\necho \"SUCCESS\" > \"${SCRIPT_OUTPUT_FILE_0}\"\n";
			showEnvVarsInLog = 0;
		};
/* End PBXShellScriptBuildPhase section */

/* Begin PBXSourcesBuildPhase section */
		5AFC1B422477FC8200670151 /* Sources */ = {
			isa = PBXSourcesBuildPhase;
			buildActionMask = 2147483647;
			files = (
				5AFC1B81247810FD00670151 /* DetailedMeal.swift in Sources */,
				5AFC1B7F247810E700670151 /* Meal.swift in Sources */,
				5AFC1B4E2477FC8200670151 /* ViewController.swift in Sources */,
				5AFC1B832478187F00670151 /* DetailedMealResult.swift in Sources */,
				5AFC1B4A2477FC8200670151 /* AppDelegate.swift in Sources */,
				5AFC1B7D247810C700670151 /* MealsSearchResults.swift in Sources */,
				5AFC1B4C2477FC8200670151 /* SceneDelegate.swift in Sources */,
			);
			runOnlyForDeploymentPostprocessing = 0;
		};
		5AFC1B582477FC8600670151 /* Sources */ = {
			isa = PBXSourcesBuildPhase;
			buildActionMask = 2147483647;
			files = (
				5AFC1B612477FC8600670151 /* RecipesDBTests.swift in Sources */,
			);
			runOnlyForDeploymentPostprocessing = 0;
		};
		5AFC1B632477FC8600670151 /* Sources */ = {
			isa = PBXSourcesBuildPhase;
			buildActionMask = 2147483647;
			files = (
				5AFC1B6C2477FC8600670151 /* RecipesDBUITests.swift in Sources */,
			);
			runOnlyForDeploymentPostprocessing = 0;
		};
/* End PBXSourcesBuildPhase section */

/* Begin PBXTargetDependency section */
		5AFC1B5E2477FC8600670151 /* PBXTargetDependency */ = {
			isa = PBXTargetDependency;
			target = 5AFC1B452477FC8200670151 /* RecipesDB */;
			targetProxy = 5AFC1B5D2477FC8600670151 /* PBXContainerItemProxy */;
		};
		5AFC1B692477FC8600670151 /* PBXTargetDependency */ = {
			isa = PBXTargetDependency;
			target = 5AFC1B452477FC8200670151 /* RecipesDB */;
			targetProxy = 5AFC1B682477FC8600670151 /* PBXContainerItemProxy */;
		};
/* End PBXTargetDependency section */

/* Begin PBXVariantGroup section */
		5AFC1B4F2477FC8200670151 /* Main.storyboard */ = {
			isa = PBXVariantGroup;
			children = (
				5AFC1B502477FC8200670151 /* Base */,
			);
			name = Main.storyboard;
			sourceTree = "<group>";
		};
		5AFC1B542477FC8600670151 /* LaunchScreen.storyboard */ = {
			isa = PBXVariantGroup;
			children = (
				5AFC1B552477FC8600670151 /* Base */,
			);
			name = LaunchScreen.storyboard;
			sourceTree = "<group>";
		};
/* End PBXVariantGroup section */

/* Begin XCBuildConfiguration section */
		5AFC1B6E2477FC8600670151 /* Debug */ = {
			isa = XCBuildConfiguration;
			buildSettings = {
				ALWAYS_SEARCH_USER_PATHS = NO;
				CLANG_ANALYZER_NONNULL = YES;
				CLANG_ANALYZER_NUMBER_OBJECT_CONVERSION = YES_AGGRESSIVE;
				CLANG_CXX_LANGUAGE_STANDARD = "gnu++14";
				CLANG_CXX_LIBRARY = "libc++";
				CLANG_ENABLE_MODULES = YES;
				CLANG_ENABLE_OBJC_ARC = YES;
				CLANG_ENABLE_OBJC_WEAK = YES;
				CLANG_WARN_BLOCK_CAPTURE_AUTORELEASING = YES;
				CLANG_WARN_BOOL_CONVERSION = YES;
				CLANG_WARN_COMMA = YES;
				CLANG_WARN_CONSTANT_CONVERSION = YES;
				CLANG_WARN_DEPRECATED_OBJC_IMPLEMENTATIONS = YES;
				CLANG_WARN_DIRECT_OBJC_ISA_USAGE = YES_ERROR;
				CLANG_WARN_DOCUMENTATION_COMMENTS = YES;
				CLANG_WARN_EMPTY_BODY = YES;
				CLANG_WARN_ENUM_CONVERSION = YES;
				CLANG_WARN_INFINITE_RECURSION = YES;
				CLANG_WARN_INT_CONVERSION = YES;
				CLANG_WARN_NON_LITERAL_NULL_CONVERSION = YES;
				CLANG_WARN_OBJC_IMPLICIT_RETAIN_SELF = YES;
				CLANG_WARN_OBJC_LITERAL_CONVERSION = YES;
				CLANG_WARN_OBJC_ROOT_CLASS = YES_ERROR;
				CLANG_WARN_RANGE_LOOP_ANALYSIS = YES;
				CLANG_WARN_STRICT_PROTOTYPES = YES;
				CLANG_WARN_SUSPICIOUS_MOVE = YES;
				CLANG_WARN_UNGUARDED_AVAILABILITY = YES_AGGRESSIVE;
				CLANG_WARN_UNREACHABLE_CODE = YES;
				CLANG_WARN__DUPLICATE_METHOD_MATCH = YES;
				COPY_PHASE_STRIP = NO;
				DEBUG_INFORMATION_FORMAT = dwarf;
				ENABLE_STRICT_OBJC_MSGSEND = YES;
				ENABLE_TESTABILITY = YES;
				GCC_C_LANGUAGE_STANDARD = gnu11;
				GCC_DYNAMIC_NO_PIC = NO;
				GCC_NO_COMMON_BLOCKS = YES;
				GCC_OPTIMIZATION_LEVEL = 0;
				GCC_PREPROCESSOR_DEFINITIONS = (
					"DEBUG=1",
					"$(inherited)",
				);
				GCC_WARN_64_TO_32_BIT_CONVERSION = YES;
				GCC_WARN_ABOUT_RETURN_TYPE = YES_ERROR;
				GCC_WARN_UNDECLARED_SELECTOR = YES;
				GCC_WARN_UNINITIALIZED_AUTOS = YES_AGGRESSIVE;
				GCC_WARN_UNUSED_FUNCTION = YES;
				GCC_WARN_UNUSED_VARIABLE = YES;
				IPHONEOS_DEPLOYMENT_TARGET = 13.4;
				MTL_ENABLE_DEBUG_INFO = INCLUDE_SOURCE;
				MTL_FAST_MATH = YES;
				ONLY_ACTIVE_ARCH = YES;
				SDKROOT = iphoneos;
				SWIFT_ACTIVE_COMPILATION_CONDITIONS = DEBUG;
				SWIFT_OPTIMIZATION_LEVEL = "-Onone";
			};
			name = Debug;
		};
		5AFC1B6F2477FC8600670151 /* Release */ = {
			isa = XCBuildConfiguration;
			buildSettings = {
				ALWAYS_SEARCH_USER_PATHS = NO;
				CLANG_ANALYZER_NONNULL = YES;
				CLANG_ANALYZER_NUMBER_OBJECT_CONVERSION = YES_AGGRESSIVE;
				CLANG_CXX_LANGUAGE_STANDARD = "gnu++14";
				CLANG_CXX_LIBRARY = "libc++";
				CLANG_ENABLE_MODULES = YES;
				CLANG_ENABLE_OBJC_ARC = YES;
				CLANG_ENABLE_OBJC_WEAK = YES;
				CLANG_WARN_BLOCK_CAPTURE_AUTORELEASING = YES;
				CLANG_WARN_BOOL_CONVERSION = YES;
				CLANG_WARN_COMMA = YES;
				CLANG_WARN_CONSTANT_CONVERSION = YES;
				CLANG_WARN_DEPRECATED_OBJC_IMPLEMENTATIONS = YES;
				CLANG_WARN_DIRECT_OBJC_ISA_USAGE = YES_ERROR;
				CLANG_WARN_DOCUMENTATION_COMMENTS = YES;
				CLANG_WARN_EMPTY_BODY = YES;
				CLANG_WARN_ENUM_CONVERSION = YES;
				CLANG_WARN_INFINITE_RECURSION = YES;
				CLANG_WARN_INT_CONVERSION = YES;
				CLANG_WARN_NON_LITERAL_NULL_CONVERSION = YES;
				CLANG_WARN_OBJC_IMPLICIT_RETAIN_SELF = YES;
				CLANG_WARN_OBJC_LITERAL_CONVERSION = YES;
				CLANG_WARN_OBJC_ROOT_CLASS = YES_ERROR;
				CLANG_WARN_RANGE_LOOP_ANALYSIS = YES;
				CLANG_WARN_STRICT_PROTOTYPES = YES;
				CLANG_WARN_SUSPICIOUS_MOVE = YES;
				CLANG_WARN_UNGUARDED_AVAILABILITY = YES_AGGRESSIVE;
				CLANG_WARN_UNREACHABLE_CODE = YES;
				CLANG_WARN__DUPLICATE_METHOD_MATCH = YES;
				COPY_PHASE_STRIP = NO;
				DEBUG_INFORMATION_FORMAT = "dwarf-with-dsym";
				ENABLE_NS_ASSERTIONS = NO;
				ENABLE_STRICT_OBJC_MSGSEND = YES;
				GCC_C_LANGUAGE_STANDARD = gnu11;
				GCC_NO_COMMON_BLOCKS = YES;
				GCC_WARN_64_TO_32_BIT_CONVERSION = YES;
				GCC_WARN_ABOUT_RETURN_TYPE = YES_ERROR;
				GCC_WARN_UNDECLARED_SELECTOR = YES;
				GCC_WARN_UNINITIALIZED_AUTOS = YES_AGGRESSIVE;
				GCC_WARN_UNUSED_FUNCTION = YES;
				GCC_WARN_UNUSED_VARIABLE = YES;
				IPHONEOS_DEPLOYMENT_TARGET = 13.4;
				MTL_ENABLE_DEBUG_INFO = NO;
				MTL_FAST_MATH = YES;
				SDKROOT = iphoneos;
				SWIFT_COMPILATION_MODE = wholemodule;
				SWIFT_OPTIMIZATION_LEVEL = "-O";
				VALIDATE_PRODUCT = YES;
			};
			name = Release;
		};
		5AFC1B712477FC8600670151 /* Debug */ = {
			isa = XCBuildConfiguration;
			baseConfigurationReference = 0D406F7D4F74CD7DCA78E235 /* Pods-RecipesDB.debug.xcconfig */;
			buildSettings = {
				ASSETCATALOG_COMPILER_APPICON_NAME = AppIcon;
				CODE_SIGN_STYLE = Automatic;
				DEVELOPMENT_TEAM = 2JM9XDDZA8;
				INFOPLIST_FILE = RecipesDB/Info.plist;
				LD_RUNPATH_SEARCH_PATHS = (
					"$(inherited)",
					"@executable_path/Frameworks",
				);
				PRODUCT_BUNDLE_IDENTIFIER = com.josemarques.RecipesDB;
				PRODUCT_NAME = "$(TARGET_NAME)";
				SWIFT_VERSION = 5.0;
				TARGETED_DEVICE_FAMILY = "1,2";
			};
			name = Debug;
		};
		5AFC1B722477FC8600670151 /* Release */ = {
			isa = XCBuildConfiguration;
			baseConfigurationReference = B370CDE9826F9A78623708CE /* Pods-RecipesDB.release.xcconfig */;
			buildSettings = {
				ASSETCATALOG_COMPILER_APPICON_NAME = AppIcon;
				CODE_SIGN_STYLE = Automatic;
				DEVELOPMENT_TEAM = 2JM9XDDZA8;
				INFOPLIST_FILE = RecipesDB/Info.plist;
				LD_RUNPATH_SEARCH_PATHS = (
					"$(inherited)",
					"@executable_path/Frameworks",
				);
				PRODUCT_BUNDLE_IDENTIFIER = com.josemarques.RecipesDB;
				PRODUCT_NAME = "$(TARGET_NAME)";
				SWIFT_VERSION = 5.0;
				TARGETED_DEVICE_FAMILY = "1,2";
			};
			name = Release;
		};
		5AFC1B742477FC8600670151 /* Debug */ = {
			isa = XCBuildConfiguration;
			baseConfigurationReference = 657742A424D40CB71E6251A7 /* Pods-RecipesDBTests.debug.xcconfig */;
			buildSettings = {
				ALWAYS_EMBED_SWIFT_STANDARD_LIBRARIES = YES;
				BUNDLE_LOADER = "$(TEST_HOST)";
				CODE_SIGN_STYLE = Automatic;
				DEVELOPMENT_TEAM = 2JM9XDDZA8;
				INFOPLIST_FILE = RecipesDBTests/Info.plist;
				IPHONEOS_DEPLOYMENT_TARGET = 13.4;
				LD_RUNPATH_SEARCH_PATHS = (
					"$(inherited)",
					"@executable_path/Frameworks",
					"@loader_path/Frameworks",
				);
				PRODUCT_BUNDLE_IDENTIFIER = com.josemarques.RecipesDBTests;
				PRODUCT_NAME = "$(TARGET_NAME)";
				SWIFT_VERSION = 5.0;
				TARGETED_DEVICE_FAMILY = "1,2";
				TEST_HOST = "$(BUILT_PRODUCTS_DIR)/RecipesDB.app/RecipesDB";
			};
			name = Debug;
		};
		5AFC1B752477FC8600670151 /* Release */ = {
			isa = XCBuildConfiguration;
			baseConfigurationReference = 1EAA6DAFD28BE0A50321B21E /* Pods-RecipesDBTests.release.xcconfig */;
			buildSettings = {
				ALWAYS_EMBED_SWIFT_STANDARD_LIBRARIES = YES;
				BUNDLE_LOADER = "$(TEST_HOST)";
				CODE_SIGN_STYLE = Automatic;
				DEVELOPMENT_TEAM = 2JM9XDDZA8;
				INFOPLIST_FILE = RecipesDBTests/Info.plist;
				IPHONEOS_DEPLOYMENT_TARGET = 13.4;
				LD_RUNPATH_SEARCH_PATHS = (
					"$(inherited)",
					"@executable_path/Frameworks",
					"@loader_path/Frameworks",
				);
				PRODUCT_BUNDLE_IDENTIFIER = com.josemarques.RecipesDBTests;
				PRODUCT_NAME = "$(TARGET_NAME)";
				SWIFT_VERSION = 5.0;
				TARGETED_DEVICE_FAMILY = "1,2";
				TEST_HOST = "$(BUILT_PRODUCTS_DIR)/RecipesDB.app/RecipesDB";
			};
			name = Release;
		};
		5AFC1B772477FC8600670151 /* Debug */ = {
			isa = XCBuildConfiguration;
			baseConfigurationReference = B932D7E82BCA75D61DDDC650 /* Pods-RecipesDB-RecipesDBUITests.debug.xcconfig */;
			buildSettings = {
				ALWAYS_EMBED_SWIFT_STANDARD_LIBRARIES = YES;
				CODE_SIGN_STYLE = Automatic;
				DEVELOPMENT_TEAM = 2JM9XDDZA8;
				INFOPLIST_FILE = RecipesDBUITests/Info.plist;
				LD_RUNPATH_SEARCH_PATHS = (
					"$(inherited)",
					"@executable_path/Frameworks",
					"@loader_path/Frameworks",
				);
				PRODUCT_BUNDLE_IDENTIFIER = com.josemarques.RecipesDBUITests;
				PRODUCT_NAME = "$(TARGET_NAME)";
				SWIFT_VERSION = 5.0;
				TARGETED_DEVICE_FAMILY = "1,2";
				TEST_TARGET_NAME = RecipesDB;
			};
			name = Debug;
		};
		5AFC1B782477FC8600670151 /* Release */ = {
			isa = XCBuildConfiguration;
			baseConfigurationReference = 29B1B6720DDD275BBEA12045 /* Pods-RecipesDB-RecipesDBUITests.release.xcconfig */;
			buildSettings = {
				ALWAYS_EMBED_SWIFT_STANDARD_LIBRARIES = YES;
				CODE_SIGN_STYLE = Automatic;
				DEVELOPMENT_TEAM = 2JM9XDDZA8;
				INFOPLIST_FILE = RecipesDBUITests/Info.plist;
				LD_RUNPATH_SEARCH_PATHS = (
					"$(inherited)",
					"@executable_path/Frameworks",
					"@loader_path/Frameworks",
				);
				PRODUCT_BUNDLE_IDENTIFIER = com.josemarques.RecipesDBUITests;
				PRODUCT_NAME = "$(TARGET_NAME)";
				SWIFT_VERSION = 5.0;
				TARGETED_DEVICE_FAMILY = "1,2";
				TEST_TARGET_NAME = RecipesDB;
			};
			name = Release;
		};
/* End XCBuildConfiguration section */

/* Begin XCConfigurationList section */
		5AFC1B412477FC8200670151 /* Build configuration list for PBXProject "RecipesDB" */ = {
			isa = XCConfigurationList;
			buildConfigurations = (
				5AFC1B6E2477FC8600670151 /* Debug */,
				5AFC1B6F2477FC8600670151 /* Release */,
			);
			defaultConfigurationIsVisible = 0;
			defaultConfigurationName = Release;
		};
		5AFC1B702477FC8600670151 /* Build configuration list for PBXNativeTarget "RecipesDB" */ = {
			isa = XCConfigurationList;
			buildConfigurations = (
				5AFC1B712477FC8600670151 /* Debug */,
				5AFC1B722477FC8600670151 /* Release */,
			);
			defaultConfigurationIsVisible = 0;
			defaultConfigurationName = Release;
		};
		5AFC1B732477FC8600670151 /* Build configuration list for PBXNativeTarget "RecipesDBTests" */ = {
			isa = XCConfigurationList;
			buildConfigurations = (
				5AFC1B742477FC8600670151 /* Debug */,
				5AFC1B752477FC8600670151 /* Release */,
			);
			defaultConfigurationIsVisible = 0;
			defaultConfigurationName = Release;
		};
		5AFC1B762477FC8600670151 /* Build configuration list for PBXNativeTarget "RecipesDBUITests" */ = {
			isa = XCConfigurationList;
			buildConfigurations = (
				5AFC1B772477FC8600670151 /* Debug */,
				5AFC1B782477FC8600670151 /* Release */,
			);
			defaultConfigurationIsVisible = 0;
			defaultConfigurationName = Release;
		};
/* End XCConfigurationList section */
	};
	rootObject = 5AFC1B3E2477FC8200670151 /* Project object */;
}
